{
  "name": "awe-tracegate",
  "version": "0.3.0",
  "lockfileVersion": 3,
  "requires": true,
  "packages": {
    "": {
      "name": "awe-tracegate",
      "version": "0.3.0",
      "license": "Apache-2.0",
      "bin": {
        "awe-tracegate": "npm/cli.mjs"
      },
      "engines": {
        "node": ">=20"
      }
    }
  }
}
